hash: efcfdbddbea11a52e3aebd33e141b8ae3b97713264223920bce0aed6e230089c
updated: 2017-09-04T20:53:22.531871203+09:00
imports:
- name: github.com/go-sql-driver/mysql
  version: 26471af196a17ee75a22e6481b5a5897fb16b081
- name: github.com/lib/pq
  version: e42267488fe361b9dc034be7a6bffef5b195bceb
  subpackages:
  - oid
- name: github.com/mattn/go-runewidth
  version: 97311d9f7767e3d6f422ea06661bc2c7a19e8a5d
- name: github.com/mattn/go-sqlite3
  version: 05548ff55570cdb9ac72ff4a25a3b5e77a6fb7e5
- name: github.com/najeira/ltsv
  version: 40eb84a5b5d21afa8f26f357445d910c62011166
- name: github.com/olekukonko/tablewriter
  version: be5337e7b39e64e5f91445ce7e721888dbab7387
- name: github.com/shinjiikeda/go-csv2
  version: c274d38f9208f2767a13b2ff46513806560fc03c
- name: github.com/xwb1989/sqlparser
  version: a9cdf22bd561e715bba34ee228cb1c06bfa2719c
- name: golang.org/x/crypto
  version: 81e90905daefcd6fd217b62423c0908922eadb30
  subpackages:
  - ssh/terminal
- name: golang.org/x/net
  version: 66aacef3dd8a676686c7ae3716979581e8b03c47
  subpackages:
  - context
- name: golang.org/x/sys
  version: 7ddbeae9ae08c6a06a59597f0c9edbc5ff2444ce
  subpackages:
  - unix
  - windows
testImports: []
